PODS:
  - FTPopOverMenu_Swift (0.1.4)
  - Toast-Swift (5.0.1)

DEPENDENCIES:
  - FTPopOverMenu_Swift (~> 0.1.4)
  - Toast-Swift (~> 5.0.0)

SPEC REPOS:
  trunk:
    - FTPopOverMenu_Swift
    - Toast-Swift

SPEC CHECKSUMS:
  FTPopOverMenu_Swift: e4cafd1085d8125339c710fa9e53477fd615b1e2
  Toast-Swift: 9b6a70f28b3bf0b96c40d46c0c4b9d6639846711

PODFILE CHECKSUM: 48f56a7fcec38c3ece4264950c28c0c3df6889d0

COCOAPODS: 1.8.4
