// !$*UTF8*$!
{
	archiveVersion = 1;
	classes = {
	};
	objectVersion = 51;
	objects = {

/* Begin PBXBuildFile section */
		5811190F24E136E700D86E48 /* Misc.swift in Sources */ = {isa = PBXBuildFile; fileRef = 5811190C24E136E700D86E48 /* Misc.swift */; };
		5811191024E136E700D86E48 /* WritablePage.swift in Sources */ = {isa = PBXBuildFile; fileRef = 5811190D24E136E700D86E48 /* WritablePage.swift */; };
		5811191124E136E700D86E48 /* WritablePageView.swift in Sources */ = {isa = PBXBuildFile; fileRef = 5811190E24E136E700D86E48 /* WritablePageView.swift */; };
		588CBFFF24DD171D00102267 /* Products.json in Resources */ = {isa = PBXBuildFile; fileRef = 588CBFFE24DD171C00102267 /* Products.json */; };
		588CC00124DD1BA000102267 /* ProductDM.swift in Sources */ = {isa = PBXBuildFile; fileRef = 588CC00024DD1BA000102267 /* ProductDM.swift */; };
		58F1E2EE24DD44A1008B089D /* ProductViewController.swift in Sources */ = {isa = PBXBuildFile; fileRef = 58F1E2ED24DD44A1008B089D /* ProductViewController.swift */; };
		9C2C8A2A2FC8F62C51ADDAF4 /* Pods_PDFCart.framework in Frameworks */ = {isa = PBXBuildFile; fileRef = 936E4CE7A32E679B7AE47838 /* Pods_PDFCart.framework */; };
		B201939024A5D84700D4464A /* AppDelegate.swift in Sources */ = {isa = PBXBuildFile; fileRef = B201938F24A5D84700D4464A /* AppDelegate.swift */; };
		B201939224A5D84700D4464A /* SceneDelegate.swift in Sources */ = {isa = PBXBuildFile; fileRef = B201939124A5D84700D4464A /* SceneDelegate.swift */; };
		B201939424A5D84700D4464A /* ViewController.swift in Sources */ = {isa = PBXBuildFile; fileRef = B201939324A5D84700D4464A /* ViewController.swift */; };
		B201939724A5D84700D4464A /* Main.storyboard in Resources */ = {isa = PBXBuildFile; fileRef = B201939524A5D84700D4464A /* Main.storyboard */; };
		B201939924A5D84C00D4464A /* Assets.xcassets in Resources */ = {isa = PBXBuildFile; fileRef = B201939824A5D84C00D4464A /* Assets.xcassets */; };
		B201939C24A5D84C00D4464A /* LaunchScreen.storyboard in Resources */ = {isa = PBXBuildFile; fileRef = B201939A24A5D84C00D4464A /* LaunchScreen.storyboard */; };
		B20193A524A5D90600D4464A /* Items.pdf in Resources */ = {isa = PBXBuildFile; fileRef = B20193A424A5D90600D4464A /* Items.pdf */; };
		B20193AA24A61EB300D4464A /* Item2.pdf in Resources */ = {isa = PBXBuildFile; fileRef = B20193A924A61EB300D4464A /* Item2.pdf */; };
/* End PBXBuildFile section */

/* Begin PBXFileReference section */
		581118FE24E12BE900D86E48 /* NonSelectablePDFView.swift */ = {isa = PBXFileReference; fileEncoding = 4; lastKnownFileType = sourcecode.swift; path = NonSelectablePDFView.swift; sourceTree = "<group>"; };
		581118FF24E12BE900D86E48 /* DrawingGestureRecognizer.swift */ = {isa = PBXFileReference; fileEncoding = 4; lastKnownFileType = sourcecode.swift; path = DrawingGestureRecognizer.swift; sourceTree = "<group>"; };
		5811190024E12BE900D86E48 /* PDFAnnotationWithPath.swift */ = {isa = PBXFileReference; fileEncoding = 4; lastKnownFileType = sourcecode.swift; path = PDFAnnotationWithPath.swift; sourceTree = "<group>"; };
		5811190124E12BE900D86E48 /* UIBezierPath+.swift */ = {isa = PBXFileReference; fileEncoding = 4; lastKnownFileType = sourcecode.swift; path = "UIBezierPath+.swift"; sourceTree = "<group>"; };
		5811190224E12BE900D86E48 /* PDFPage+Selection.swift */ = {isa = PBXFileReference; fileEncoding = 4; lastKnownFileType = sourcecode.swift; path = "PDFPage+Selection.swift"; sourceTree = "<group>"; };
		5811190324E12BE900D86E48 /* PDFDrawer.swift */ = {isa = PBXFileReference; fileEncoding = 4; lastKnownFileType = sourcecode.swift; path = PDFDrawer.swift; sourceTree = "<group>"; };
		5811190424E12BE900D86E48 /* DrawingAnnotation.swift */ = {isa = PBXFileReference; fileEncoding = 4; lastKnownFileType = sourcecode.swift; path = DrawingAnnotation.swift; sourceTree = "<group>"; };
		5811190C24E136E700D86E48 /* Misc.swift */ = {isa = PBXFileReference; fileEncoding = 4; lastKnownFileType = sourcecode.swift; path = Misc.swift; sourceTree = "<group>"; };
		5811190D24E136E700D86E48 /* WritablePage.swift */ = {isa = PBXFileReference; fileEncoding = 4; lastKnownFileType = sourcecode.swift; path = WritablePage.swift; sourceTree = "<group>"; };
		5811190E24E136E700D86E48 /* WritablePageView.swift */ = {isa = PBXFileReference; fileEncoding = 4; lastKnownFileType = sourcecode.swift; path = WritablePageView.swift; sourceTree = "<group>"; };
		588CBFFE24DD171C00102267 /* Products.json */ = {isa = PBXFileReference; fileEncoding = 4; lastKnownFileType = text.json; path = Products.json; sourceTree = "<group>"; };
		588CC00024DD1BA000102267 /* ProductDM.swift */ = {isa = PBXFileReference; lastKnownFileType = sourcecode.swift; path = ProductDM.swift; sourceTree = "<group>"; };
		58F1E2ED24DD44A1008B089D /* ProductViewController.swift */ = {isa = PBXFileReference; lastKnownFileType = sourcecode.swift; path = ProductViewController.swift; sourceTree = "<group>"; };
		936E4CE7A32E679B7AE47838 /* Pods_PDFCart.framework */ = {isa = PBXFileReference; explicitFileType = wrapper.framework; includeInIndex = 0; path = Pods_PDFCart.framework; sourceTree = BUILT_PRODUCTS_DIR; };
		B201938C24A5D84700D4464A /* PDFCart.app */ = {isa = PBXFileReference; explicitFileType = wrapper.application; includeInIndex = 0; path = PDFCart.app; sourceTree = BUILT_PRODUCTS_DIR; };
		B201938F24A5D84700D4464A /* AppDelegate.swift */ = {isa = PBXFileReference; lastKnownFileType = sourcecode.swift; path = AppDelegate.swift; sourceTree = "<group>"; };
		B201939124A5D84700D4464A /* SceneDelegate.swift */ = {isa = PBXFileReference; lastKnownFileType = sourcecode.swift; path = SceneDelegate.swift; sourceTree = "<group>"; };
		B201939324A5D84700D4464A /* ViewController.swift */ = {isa = PBXFileReference; lastKnownFileType = sourcecode.swift; path = ViewController.swift; sourceTree = "<group>"; };
		B201939624A5D84700D4464A /* Base */ = {isa = PBXFileReference; lastKnownFileType = file.storyboard; name = Base; path = Base.lproj/Main.storyboard; sourceTree = "<group>"; };
		B201939824A5D84C00D4464A /* Assets.xcassets */ = {isa = PBXFileReference; lastKnownFileType = folder.assetcatalog; path = Assets.xcassets; sourceTree = "<group>"; };
		B201939B24A5D84C00D4464A /* Base */ = {isa = PBXFileReference; lastKnownFileType = file.storyboard; name = Base; path = Base.lproj/LaunchScreen.storyboard; sourceTree = "<group>"; };
		B201939D24A5D84C00D4464A /* Info.plist */ = {isa = PBXFileReference; lastKnownFileType = text.plist.xml; path = Info.plist; sourceTree = "<group>"; };
		B20193A424A5D90600D4464A /* Items.pdf */ = {isa = PBXFileReference; lastKnownFileType = image.pdf; path = Items.pdf; sourceTree = "<group>"; };
		B20193A924A61EB300D4464A /* Item2.pdf */ = {isa = PBXFileReference; lastKnownFileType = image.pdf; path = Item2.pdf; sourceTree = "<group>"; };
		EB6A8BC19615933B5464C849 /* Pods-PDFCart.release.xcconfig */ = {isa = PBXFileReference; includeInIndex = 1; lastKnownFileType = text.xcconfig; name = "Pods-PDFCart.release.xcconfig"; path = "Target Support Files/Pods-PDFCart/Pods-PDFCart.release.xcconfig"; sourceTree = "<group>"; };
		F5E94322728F4AD3FDDE75F5 /* Pods-PDFCart.debug.xcconfig */ = {isa = PBXFileReference; includeInIndex = 1; lastKnownFileType = text.xcconfig; name = "Pods-PDFCart.debug.xcconfig"; path = "Target Support Files/Pods-PDFCart/Pods-PDFCart.debug.xcconfig"; sourceTree = "<group>"; };
/* End PBXFileReference section */

/* Begin PBXFrameworksBuildPhase section */
		B201938924A5D84700D4464A /* Frameworks */ = {
			isa = PBXFrameworksBuildPhase;
			buildActionMask = 2147483647;
			files = (
				9C2C8A2A2FC8F62C51ADDAF4 /* Pods_PDFCart.framework in Frameworks */,
			);
			runOnlyForDeploymentPostprocessing = 0;
		};
/* End PBXFrameworksBuildPhase section */

/* Begin PBXGroup section */
		581118FD24E12BE900D86E48 /* Drawing */ = {
			isa = PBXGroup;
			children = (
				5811190C24E136E700D86E48 /* Misc.swift */,
				5811190D24E136E700D86E48 /* WritablePage.swift */,
				5811190E24E136E700D86E48 /* WritablePageView.swift */,
				581118FE24E12BE900D86E48 /* NonSelectablePDFView.swift */,
				581118FF24E12BE900D86E48 /* DrawingGestureRecognizer.swift */,
				5811190024E12BE900D86E48 /* PDFAnnotationWithPath.swift */,
				5811190124E12BE900D86E48 /* UIBezierPath+.swift */,
				5811190224E12BE900D86E48 /* PDFPage+Selection.swift */,
				5811190324E12BE900D86E48 /* PDFDrawer.swift */,
				5811190424E12BE900D86E48 /* DrawingAnnotation.swift */,
			);
			path = Drawing;
			sourceTree = "<group>";
		};
		6C140D84D5EA925271291E94 /* Frameworks */ = {
			isa = PBXGroup;
			children = (
				936E4CE7A32E679B7AE47838 /* Pods_PDFCart.framework */,
			);
			name = Frameworks;
			sourceTree = "<group>";
		};
		B201938324A5D84700D4464A = {
			isa = PBXGroup;
			children = (
				B201938E24A5D84700D4464A /* PDFCart */,
				B201938D24A5D84700D4464A /* Products */,
				D84CDC50C369233E26CE37E1 /* Pods */,
				6C140D84D5EA925271291E94 /* Frameworks */,
			);
			sourceTree = "<group>";
		};
		B201938D24A5D84700D4464A /* Products */ = {
			isa = PBXGroup;
			children = (
				B201938C24A5D84700D4464A /* PDFCart.app */,
			);
			name = Products;
			sourceTree = "<group>";
		};
		B201938E24A5D84700D4464A /* PDFCart */ = {
			isa = PBXGroup;
			children = (
				B20193A624A5E20F00D4464A /* Annotations */,
				B201938F24A5D84700D4464A /* AppDelegate.swift */,
				B201939124A5D84700D4464A /* SceneDelegate.swift */,
				B201939324A5D84700D4464A /* ViewController.swift */,
				58F1E2ED24DD44A1008B089D /* ProductViewController.swift */,
				588CC00024DD1BA000102267 /* ProductDM.swift */,
				588CBFFE24DD171C00102267 /* Products.json */,
				B20193A324A5D8F800D4464A /* PDFs */,
				B201939524A5D84700D4464A /* Main.storyboard */,
				B201939824A5D84C00D4464A /* Assets.xcassets */,
				B201939A24A5D84C00D4464A /* LaunchScreen.storyboard */,
				B201939D24A5D84C00D4464A /* Info.plist */,
			);
			path = PDFCart;
			sourceTree = "<group>";
		};
		B20193A324A5D8F800D4464A /* PDFs */ = {
			isa = PBXGroup;
			children = (
				B20193A924A61EB300D4464A /* Item2.pdf */,
				B20193A424A5D90600D4464A /* Items.pdf */,
			);
			path = PDFs;
			sourceTree = "<group>";
		};
		B20193A624A5E20F00D4464A /* Annotations */ = {
			isa = PBXGroup;
			children = (
				581118FD24E12BE900D86E48 /* Drawing */,
			);
			path = Annotations;
			sourceTree = "<group>";
		};
		D84CDC50C369233E26CE37E1 /* Pods */ = {
			isa = PBXGroup;
			children = (
				F5E94322728F4AD3FDDE75F5 /* Pods-PDFCart.debug.xcconfig */,
				EB6A8BC19615933B5464C849 /* Pods-PDFCart.release.xcconfig */,
			);
			path = Pods;
			sourceTree = "<group>";
		};
/* End PBXGroup section */

/* Begin PBXNativeTarget section */
		B201938B24A5D84700D4464A /* PDFCart */ = {
			isa = PBXNativeTarget;
			buildConfigurationList = B20193A024A5D84C00D4464A /* Build configuration list for PBXNativeTarget "PDFCart" */;
			buildPhases = (
				DF0307D2B1F736599628C604 /* [CP] Check Pods Manifest.lock */,
				B201938824A5D84700D4464A /* Sources */,
				B201938924A5D84700D4464A /* Frameworks */,
				B201938A24A5D84700D4464A /* Resources */,
				D196BE27870172AF67CC968D /* [CP] Embed Pods Frameworks */,
			);
			buildRules = (
			);
			dependencies = (
			);
			name = PDFCart;
			productName = PDFCart;
			productReference = B201938C24A5D84700D4464A /* PDFCart.app */;
			productType = "com.apple.product-type.application";
		};
/* End PBXNativeTarget section */

/* Begin PBXProject section */
		B201938424A5D84700D4464A /* Project object */ = {
			isa = PBXProject;
			attributes = {
				LastSwiftUpdateCheck = 1130;
				LastUpgradeCheck = 1130;
				ORGANIZATIONNAME = Admin1;
				TargetAttributes = {
					B201938B24A5D84700D4464A = {
						CreatedOnToolsVersion = 11.3.1;
					};
				};
			};
			buildConfigurationList = B201938724A5D84700D4464A /* Build configuration list for PBXProject "PDFCart" */;
			compatibilityVersion = "Xcode 9.3";
			developmentRegion = en;
			hasScannedForEncodings = 0;
			knownRegions = (
				en,
				Base,
			);
			mainGroup = B201938324A5D84700D4464A;
			productRefGroup = B201938D24A5D84700D4464A /* Products */;
			projectDirPath = "";
			projectRoot = "";
			targets = (
				B201938B24A5D84700D4464A /* PDFCart */,
			);
		};
/* End PBXProject section */

/* Begin PBXResourcesBuildPhase section */
		B201938A24A5D84700D4464A /* Resources */ = {
			isa = PBXResourcesBuildPhase;
			buildActionMask = 2147483647;
			files = (
				B20193AA24A61EB300D4464A /* Item2.pdf in Resources */,
				B201939C24A5D84C00D4464A /* LaunchScreen.storyboard in Resources */,
				588CBFFF24DD171D00102267 /* Products.json in Resources */,
				B201939924A5D84C00D4464A /* Assets.xcassets in Resources */,
				B201939724A5D84700D4464A /* Main.storyboard in Resources */,
				B20193A524A5D90600D4464A /* Items.pdf in Resources */,
			);
			runOnlyForDeploymentPostprocessing = 0;
		};
/* End PBXResourcesBuildPhase section */

/* Begin PBXShellScriptBuildPhase section */
		D196BE27870172AF67CC968D /* [CP] Embed Pods Frameworks */ = {
			isa = PBXShellScriptBuildPhase;
			buildActionMask = 2147483647;
			files = (
			);
			inputFileListPaths = (
				"${PODS_ROOT}/Target Support Files/Pods-PDFCart/Pods-PDFCart-frameworks-${CONFIGURATION}-input-files.xcfilelist",
			);
			name = "[CP] Embed Pods Frameworks";
			outputFileListPaths = (
				"${PODS_ROOT}/Target Support Files/Pods-PDFCart/Pods-PDFCart-frameworks-${CONFIGURATION}-output-files.xcfilelist",
			);
			runOnlyForDeploymentPostprocessing = 0;
			shellPath = /bin/sh;
			shellScript = "\"${PODS_ROOT}/Target Support Files/Pods-PDFCart/Pods-PDFCart-frameworks.sh\"\n";
			showEnvVarsInLog = 0;
		};
		DF0307D2B1F736599628C604 /* [CP] Check Pods Manifest.lock */ = {
			isa = PBXShellScriptBuildPhase;
			buildActionMask = 2147483647;
			files = (
			);
			inputFileListPaths = (
			);
			inputPaths = (
				"${PODS_PODFILE_DIR_PATH}/Podfile.lock",
				"${PODS_ROOT}/Manifest.lock",
			);
			name = "[CP] Check Pods Manifest.lock";
			outputFileListPaths = (
			);
			outputPaths = (
				"$(DERIVED_FILE_DIR)/Pods-PDFCart-checkManifestLockResult.txt",
			);
			runOnlyForDeploymentPostprocessing = 0;
			shellPath = /bin/sh;
			shellScript = "diff \"${PODS_PODFILE_DIR_PATH}/Podfile.lock\" \"${PODS_ROOT}/Manifest.lock\" > /dev/null\nif [ $? != 0 ] ; then\n    # print error to STDERR\n    echo \"error: The sandbox is not in sync with the Podfile.lock. Run 'pod install' or update your CocoaPods installation.\" >&2\n    exit 1\nfi\n# This output is used by Xcode 'outputs' to avoid re-running this script phase.\necho \"SUCCESS\" > \"${SCRIPT_OUTPUT_FILE_0}\"\n";
			showEnvVarsInLog = 0;
		};
/* End PBXShellScriptBuildPhase section */

/* Begin PBXSourcesBuildPhase section */
		B201938824A5D84700D4464A /* Sources */ = {
			isa = PBXSourcesBuildPhase;
			buildActionMask = 2147483647;
			files = (
				588CC00124DD1BA000102267 /* ProductDM.swift in Sources */,
				5811191024E136E700D86E48 /* WritablePage.swift in Sources */,
				B201939424A5D84700D4464A /* ViewController.swift in Sources */,
				5811191124E136E700D86E48 /* WritablePageView.swift in Sources */,
				B201939024A5D84700D4464A /* AppDelegate.swift in Sources */,
				5811190F24E136E700D86E48 /* Misc.swift in Sources */,
				58F1E2EE24DD44A1008B089D /* ProductViewController.swift in Sources */,
				B201939224A5D84700D4464A /* SceneDelegate.swift in Sources */,
			);
			runOnlyForDeploymentPostprocessing = 0;
		};
/* End PBXSourcesBuildPhase section */

/* Begin PBXVariantGroup section */
		B201939524A5D84700D4464A /* Main.storyboard */ = {
			isa = PBXVariantGroup;
			children = (
				B201939624A5D84700D4464A /* Base */,
			);
			name = Main.storyboard;
			sourceTree = "<group>";
		};
		B201939A24A5D84C00D4464A /* LaunchScreen.storyboard */ = {
			isa = PBXVariantGroup;
			children = (
				B201939B24A5D84C00D4464A /* Base */,
			);
			name = LaunchScreen.storyboard;
			sourceTree = "<group>";
		};
/* End PBXVariantGroup section */

/* Begin XCBuildConfiguration section */
		B201939E24A5D84C00D4464A /* Debug */ = {
			isa = XCBuildConfiguration;
			buildSettings = {
				ALWAYS_SEARCH_USER_PATHS = NO;
				CLANG_ANALYZER_NONNULL = YES;
				CLANG_ANALYZER_NUMBER_OBJECT_CONVERSION = YES_AGGRESSIVE;
				CLANG_CXX_LANGUAGE_STANDARD = "gnu++14";
				CLANG_CXX_LIBRARY = "libc++";
				CLANG_ENABLE_MODULES = YES;
				CLANG_ENABLE_OBJC_ARC = YES;
				CLANG_ENABLE_OBJC_WEAK = YES;
				CLANG_WARN_BLOCK_CAPTURE_AUTORELEASING = YES;
				CLANG_WARN_BOOL_CONVERSION = YES;
				CLANG_WARN_COMMA = YES;
				CLANG_WARN_CONSTANT_CONVERSION = YES;
				CLANG_WARN_DEPRECATED_OBJC_IMPLEMENTATIONS = YES;
				CLANG_WARN_DIRECT_OBJC_ISA_USAGE = YES_ERROR;
				CLANG_WARN_DOCUMENTATION_COMMENTS = YES;
				CLANG_WARN_EMPTY_BODY = YES;
				CLANG_WARN_ENUM_CONVERSION = YES;
				CLANG_WARN_INFINITE_RECURSION = YES;
				CLANG_WARN_INT_CONVERSION = YES;
				CLANG_WARN_NON_LITERAL_NULL_CONVERSION = YES;
				CLANG_WARN_OBJC_IMPLICIT_RETAIN_SELF = YES;
				CLANG_WARN_OBJC_LITERAL_CONVERSION = YES;
				CLANG_WARN_OBJC_ROOT_CLASS = YES_ERROR;
				CLANG_WARN_RANGE_LOOP_ANALYSIS = YES;
				CLANG_WARN_STRICT_PROTOTYPES = YES;
				CLANG_WARN_SUSPICIOUS_MOVE = YES;
				CLANG_WARN_UNGUARDED_AVAILABILITY = YES_AGGRESSIVE;
				CLANG_WARN_UNREACHABLE_CODE = YES;
				CLANG_WARN__DUPLICATE_METHOD_MATCH = YES;
				COPY_PHASE_STRIP = NO;
				DEBUG_INFORMATION_FORMAT = dwarf;
				ENABLE_STRICT_OBJC_MSGSEND = YES;
				ENABLE_TESTABILITY = YES;
				GCC_C_LANGUAGE_STANDARD = gnu11;
				GCC_DYNAMIC_NO_PIC = NO;
				GCC_NO_COMMON_BLOCKS = YES;
				GCC_OPTIMIZATION_LEVEL = 0;
				GCC_PREPROCESSOR_DEFINITIONS = (
					"DEBUG=1",
					"$(inherited)",
				);
				GCC_WARN_64_TO_32_BIT_CONVERSION = YES;
				GCC_WARN_ABOUT_RETURN_TYPE = YES_ERROR;
				GCC_WARN_UNDECLARED_SELECTOR = YES;
				GCC_WARN_UNINITIALIZED_AUTOS = YES_AGGRESSIVE;
				GCC_WARN_UNUSED_FUNCTION = YES;
				GCC_WARN_UNUSED_VARIABLE = YES;
				IPHONEOS_DEPLOYMENT_TARGET = 13.2;
				MTL_ENABLE_DEBUG_INFO = INCLUDE_SOURCE;
				MTL_FAST_MATH = YES;
				ONLY_ACTIVE_ARCH = YES;
				SDKROOT = iphoneos;
				SWIFT_ACTIVE_COMPILATION_CONDITIONS = DEBUG;
				SWIFT_OPTIMIZATION_LEVEL = "-Onone";
			};
			name = Debug;
		};
		B201939F24A5D84C00D4464A /* Release */ = {
			isa = XCBuildConfiguration;
			buildSettings = {
				ALWAYS_SEARCH_USER_PATHS = NO;
				CLANG_ANALYZER_NONNULL = YES;
				CLANG_ANALYZER_NUMBER_OBJECT_CONVERSION = YES_AGGRESSIVE;
				CLANG_CXX_LANGUAGE_STANDARD = "gnu++14";
				CLANG_CXX_LIBRARY = "libc++";
				CLANG_ENABLE_MODULES = YES;
				CLANG_ENABLE_OBJC_ARC = YES;
				CLANG_ENABLE_OBJC_WEAK = YES;
				CLANG_WARN_BLOCK_CAPTURE_AUTORELEASING = YES;
				CLANG_WARN_BOOL_CONVERSION = YES;
				CLANG_WARN_COMMA = YES;
				CLANG_WARN_CONSTANT_CONVERSION = YES;
				CLANG_WARN_DEPRECATED_OBJC_IMPLEMENTATIONS = YES;
				CLANG_WARN_DIRECT_OBJC_ISA_USAGE = YES_ERROR;
				CLANG_WARN_DOCUMENTATION_COMMENTS = YES;
				CLANG_WARN_EMPTY_BODY = YES;
				CLANG_WARN_ENUM_CONVERSION = YES;
				CLANG_WARN_INFINITE_RECURSION = YES;
				CLANG_WARN_INT_CONVERSION = YES;
				CLANG_WARN_NON_LITERAL_NULL_CONVERSION = YES;
				CLANG_WARN_OBJC_IMPLICIT_RETAIN_SELF = YES;
				CLANG_WARN_OBJC_LITERAL_CONVERSION = YES;
				CLANG_WARN_OBJC_ROOT_CLASS = YES_ERROR;
				CLANG_WARN_RANGE_LOOP_ANALYSIS = YES;
				CLANG_WARN_STRICT_PROTOTYPES = YES;
				CLANG_WARN_SUSPICIOUS_MOVE = YES;
				CLANG_WARN_UNGUARDED_AVAILABILITY = YES_AGGRESSIVE;
				CLANG_WARN_UNREACHABLE_CODE = YES;
				CLANG_WARN__DUPLICATE_METHOD_MATCH = YES;
				COPY_PHASE_STRIP = NO;
				DEBUG_INFORMATION_FORMAT = "dwarf-with-dsym";
				ENABLE_NS_ASSERTIONS = NO;
				ENABLE_STRICT_OBJC_MSGSEND = YES;
				GCC_C_LANGUAGE_STANDARD = gnu11;
				GCC_NO_COMMON_BLOCKS = YES;
				GCC_WARN_64_TO_32_BIT_CONVERSION = YES;
				GCC_WARN_ABOUT_RETURN_TYPE = YES_ERROR;
				GCC_WARN_UNDECLARED_SELECTOR = YES;
				GCC_WARN_UNINITIALIZED_AUTOS = YES_AGGRESSIVE;
				GCC_WARN_UNUSED_FUNCTION = YES;
				GCC_WARN_UNUSED_VARIABLE = YES;
				IPHONEOS_DEPLOYMENT_TARGET = 13.2;
				MTL_ENABLE_DEBUG_INFO = NO;
				MTL_FAST_MATH = YES;
				SDKROOT = iphoneos;
				SWIFT_COMPILATION_MODE = wholemodule;
				SWIFT_OPTIMIZATION_LEVEL = "-O";
				VALIDATE_PRODUCT = YES;
			};
			name = Release;
		};
		B20193A124A5D84C00D4464A /* Debug */ = {
			isa = XCBuildConfiguration;
			baseConfigurationReference = F5E94322728F4AD3FDDE75F5 /* Pods-PDFCart.debug.xcconfig */;
			buildSettings = {
				ASSETCATALOG_COMPILER_APPICON_NAME = AppIcon;
				CODE_SIGN_STYLE = Automatic;
				DEVELOPMENT_TEAM = X7U7QLH3U3;
				INFOPLIST_FILE = PDFCart/Info.plist;
				LD_RUNPATH_SEARCH_PATHS = (
					"$(inherited)",
					"@executable_path/Frameworks",
				);
				PRODUCT_BUNDLE_IDENTIFIER = PDFCart.PDFCart;
				PRODUCT_NAME = "$(TARGET_NAME)";
				SWIFT_VERSION = 5.0;
				TARGETED_DEVICE_FAMILY = "1,2";
			};
			name = Debug;
		};
		B20193A224A5D84C00D4464A /* Release */ = {
			isa = XCBuildConfiguration;
			baseConfigurationReference = EB6A8BC19615933B5464C849 /* Pods-PDFCart.release.xcconfig */;
			buildSettings = {
				ASSETCATALOG_COMPILER_APPICON_NAME = AppIcon;
				CODE_SIGN_STYLE = Automatic;
				DEVELOPMENT_TEAM = X7U7QLH3U3;
				INFOPLIST_FILE = PDFCart/Info.plist;
				LD_RUNPATH_SEARCH_PATHS = (
					"$(inherited)",
					"@executable_path/Frameworks",
				);
				PRODUCT_BUNDLE_IDENTIFIER = PDFCart.PDFCart;
				PRODUCT_NAME = "$(TARGET_NAME)";
				SWIFT_VERSION = 5.0;
				TARGETED_DEVICE_FAMILY = "1,2";
			};
			name = Release;
		};
/* End XCBuildConfiguration section */

/* Begin XCConfigurationList section */
		B201938724A5D84700D4464A /* Build configuration list for PBXProject "PDFCart" */ = {
			isa = XCConfigurationList;
			buildConfigurations = (
				B201939E24A5D84C00D4464A /* Debug */,
				B201939F24A5D84C00D4464A /* Release */,
			);
			defaultConfigurationIsVisible = 0;
			defaultConfigurationName = Release;
		};
		B20193A024A5D84C00D4464A /* Build configuration list for PBXNativeTarget "PDFCart" */ = {
			isa = XCConfigurationList;
			buildConfigurations = (
				B20193A124A5D84C00D4464A /* Debug */,
				B20193A224A5D84C00D4464A /* Release */,
			);
			defaultConfigurationIsVisible = 0;
			defaultConfigurationName = Release;
		};
/* End XCConfigurationList section */
	};
	rootObject = B201938424A5D84700D4464A /* Project object */;
}
